// !$*UTF8*$!
{
	archiveVersion = 1;
	classes = {
	};
	objectVersion = 46;
	objects = {

/* Begin PBXBuildFile section */
		7F2316A61962DD280028898F /* Images.xcassets in Resources */ = {isa = PBXBuildFile; fileRef = 7F2316A51962DD280028898F /* Images.xcassets */; };
		7F2316AC196535E20028898F /* MODropAlertView.m in Sources */ = {isa = PBXBuildFile; fileRef = 7F2316A9196535E20028898F /* MODropAlertView.m */; };
		7F2316AD196535E20028898F /* UIImage+ImageEffects.m in Sources */ = {isa = PBXBuildFile; fileRef = 7F2316AB196535E20028898F /* UIImage+ImageEffects.m */; };
		7FCCE94B1962533E00022F9E /* main.m in Sources */ = {isa = PBXBuildFile; fileRef = 7FCCE94A1962533E00022F9E /* main.m */; };
		7FCCE94E1962533E00022F9E /* AppDelegate.m in Sources */ = {isa = PBXBuildFile; fileRef = 7FCCE94D1962533E00022F9E /* AppDelegate.m */; };
		7FCCE9511962533E00022F9E /* ViewController.m in Sources */ = {isa = PBXBuildFile; fileRef = 7FCCE9501962533E00022F9E /* ViewController.m */; };
		7FCCE9541962533E00022F9E /* Main.storyboard in Resources */ = {isa = PBXBuildFile; fileRef = 7FCCE9521962533E00022F9E /* Main.storyboard */; };
		7FCCE9621962533E00022F9E /* MODropAlertDemoTests.m in Sources */ = {isa = PBXBuildFile; fileRef = 7FCCE9611962533E00022F9E /* MODropAlertDemoTests.m */; };
		7FCCE97019626FB700022F9E /* UIKit.framework in Frameworks */ = {isa = PBXBuildFile; fileRef = 7FCCE96F19626FB700022F9E /* UIKit.framework */; };
		7FCCE97219626FBF00022F9E /* CoreGraphics.framework in Frameworks */ = {isa = PBXBuildFile; fileRef = 7FCCE97119626FBF00022F9E /* CoreGraphics.framework */; };
		7FCCE97419626FC600022F9E /* Foundation.framework in Frameworks */ = {isa = PBXBuildFile; fileRef = 7FCCE97319626FC600022F9E /* Foundation.framework */; };
/* End PBXBuildFile section */

/* Begin PBXContainerItemProxy section */
		7FCCE95C1962533E00022F9E /* PBXContainerItemProxy */ = {
			isa = PBXContainerItemProxy;
			containerPortal = 7FCCE93D1962533E00022F9E /* Project object */;
			proxyType = 1;
			remoteGlobalIDString = 7FCCE9441962533E00022F9E;
			remoteInfo = MODropAlertDemo;
		};
/* End PBXContainerItemProxy section */

/* Begin PBXFileReference section */
		7F2316A51962DD280028898F /* Images.xcassets */ = {isa = PBXFileReference; lastKnownFileType = folder.assetcatalog; path = Images.xcassets; sourceTree = "<group>"; };
		7F2316A8196535E20028898F /* MODropAlertView.h */ = {isa = PBXFileReference; fileEncoding = 4; lastKnownFileType = sourcecode.c.h; path = MODropAlertView.h; sourceTree = "<group>"; };
		7F2316A9196535E20028898F /* MODropAlertView.m */ = {isa = PBXFileReference; fileEncoding = 4; lastKnownFileType = sourcecode.c.objc; path = MODropAlertView.m; sourceTree = "<group>"; };
		7F2316AA196535E20028898F /* UIImage+ImageEffects.h */ = {isa = PBXFileReference; fileEncoding = 4; lastKnownFileType = sourcecode.c.h; path = "UIImage+ImageEffects.h"; sourceTree = "<group>"; };
		7F2316AB196535E20028898F /* UIImage+ImageEffects.m */ = {isa = PBXFileReference; fileEncoding = 4; lastKnownFileType = sourcecode.c.objc; path = "UIImage+ImageEffects.m"; sourceTree = "<group>"; };
		7FCCE9451962533E00022F9E /* MODropAlertDemo.app */ = {isa = PBXFileReference; explicitFileType = wrapper.application; includeInIndex = 0; path = MODropAlertDemo.app; sourceTree = BUILT_PRODUCTS_DIR; };
		7FCCE9491962533E00022F9E /* Info.plist */ = {isa = PBXFileReference; lastKnownFileType = text.plist.xml; path = Info.plist; sourceTree = "<group>"; };
		7FCCE94A1962533E00022F9E /* main.m */ = {isa = PBXFileReference; lastKnownFileType = sourcecode.c.objc; lineEnding = 0; path = main.m; sourceTree = "<group>"; xcLanguageSpecificationIdentifier = xcode.lang.objc; };
		7FCCE94C1962533E00022F9E /* AppDelegate.h */ = {isa = PBXFileReference; lastKnownFileType = sourcecode.c.h; lineEnding = 0; path = AppDelegate.h; sourceTree = "<group>"; xcLanguageSpecificationIdentifier = xcode.lang.objcpp; };
		7FCCE94D1962533E00022F9E /* AppDelegate.m */ = {isa = PBXFileReference; lastKnownFileType = sourcecode.c.objc; lineEnding = 0; path = AppDelegate.m; sourceTree = "<group>"; xcLanguageSpecificationIdentifier = xcode.lang.objc; };
		7FCCE94F1962533E00022F9E /* ViewController.h */ = {isa = PBXFileReference; lastKnownFileType = sourcecode.c.h; lineEnding = 0; path = ViewController.h; sourceTree = "<group>"; xcLanguageSpecificationIdentifier = xcode.lang.objcpp; };
		7FCCE9501962533E00022F9E /* ViewController.m */ = {isa = PBXFileReference; lastKnownFileType = sourcecode.c.objc; lineEnding = 0; path = ViewController.m; sourceTree = "<group>"; xcLanguageSpecificationIdentifier = xcode.lang.objc; };
		7FCCE9531962533E00022F9E /* Base */ = {isa = PBXFileReference; lastKnownFileType = file.storyboard; name = Base; path = Base.lproj/Main.storyboard; sourceTree = "<group>"; };
		7FCCE95B1962533E00022F9E /* MODropAlertDemoTests.xctest */ = {isa = PBXFileReference; explicitFileType = wrapper.cfbundle; includeInIndex = 0; path = MODropAlertDemoTests.xctest; sourceTree = BUILT_PRODUCTS_DIR; };
		7FCCE9601962533E00022F9E /* Info.plist */ = {isa = PBXFileReference; lastKnownFileType = text.plist.xml; path = Info.plist; sourceTree = "<group>"; };
		7FCCE9611962533E00022F9E /* MODropAlertDemoTests.m */ = {isa = PBXFileReference; lastKnownFileType = sourcecode.c.objc; lineEnding = 0; path = MODropAlertDemoTests.m; sourceTree = "<group>"; xcLanguageSpecificationIdentifier = xcode.lang.objc; };
		7FCCE96F19626FB700022F9E /* UIKit.framework */ = {isa = PBXFileReference; lastKnownFileType = wrapper.framework; name = UIKit.framework; path = System/Library/Frameworks/UIKit.framework; sourceTree = SDKROOT; };
		7FCCE97119626FBF00022F9E /* CoreGraphics.framework */ = {isa = PBXFileReference; lastKnownFileType = wrapper.framework; name = CoreGraphics.framework; path = System/Library/Frameworks/CoreGraphics.framework; sourceTree = SDKROOT; };
		7FCCE97319626FC600022F9E /* Foundation.framework */ = {isa = PBXFileReference; lastKnownFileType = wrapper.framework; name = Foundation.framework; path = System/Library/Frameworks/Foundation.framework; sourceTree = SDKROOT; };
/* End PBXFileReference section */

/* Begin PBXFrameworksBuildPhase section */
		7FCCE9421962533E00022F9E /* Frameworks */ = {
			isa = PBXFrameworksBuildPhase;
			buildActionMask = 2147483647;
			files = (
				7FCCE97419626FC600022F9E /* Foundation.framework in Frameworks */,
				7FCCE97219626FBF00022F9E /* CoreGraphics.framework in Frameworks */,
				7FCCE97019626FB700022F9E /* UIKit.framework in Frameworks */,
			);
			runOnlyForDeploymentPostprocessing = 0;
		};
		7FCCE9581962533E00022F9E /* Frameworks */ = {
			isa = PBXFrameworksBuildPhase;
			buildActionMask = 2147483647;
			files = (
			);
			runOnlyForDeploymentPostprocessing = 0;
		};
/* End PBXFrameworksBuildPhase section */

/* Begin PBXGroup section */
		7F2316A7196535E20028898F /* MODropAlert */ = {
			isa = PBXGroup;
			children = (
				7F2316A8196535E20028898F /* MODropAlertView.h */,
				7F2316A9196535E20028898F /* MODropAlertView.m */,
				7F2316AA196535E20028898F /* UIImage+ImageEffects.h */,
				7F2316AB196535E20028898F /* UIImage+ImageEffects.m */,
			);
			path = MODropAlert;
			sourceTree = "<group>";
		};
		7FCCE93C1962533E00022F9E = {
			isa = PBXGroup;
			children = (
				7FCCE97319626FC600022F9E /* Foundation.framework */,
				7FCCE97119626FBF00022F9E /* CoreGraphics.framework */,
				7FCCE96F19626FB700022F9E /* UIKit.framework */,
				7FCCE9471962533E00022F9E /* MODropAlertDemo */,
				7FCCE95E1962533E00022F9E /* MODropAlertDemoTests */,
				7FCCE9461962533E00022F9E /* Products */,
			);
			sourceTree = "<group>";
		};
		7FCCE9461962533E00022F9E /* Products */ = {
			isa = PBXGroup;
			children = (
				7FCCE9451962533E00022F9E /* MODropAlertDemo.app */,
				7FCCE95B1962533E00022F9E /* MODropAlertDemoTests.xctest */,
			);
			name = Products;
			sourceTree = "<group>";
		};
		7FCCE9471962533E00022F9E /* MODropAlertDemo */ = {
			isa = PBXGroup;
			children = (
				7F2316A7196535E20028898F /* MODropAlert */,
				7FCCE94C1962533E00022F9E /* AppDelegate.h */,
				7FCCE94D1962533E00022F9E /* AppDelegate.m */,
				7FCCE94F1962533E00022F9E /* ViewController.h */,
				7FCCE9501962533E00022F9E /* ViewController.m */,
				7FCCE9521962533E00022F9E /* Main.storyboard */,
				7F2316A51962DD280028898F /* Images.xcassets */,
				7FCCE9481962533E00022F9E /* Supporting Files */,
			);
			path = MODropAlertDemo;
			sourceTree = "<group>";
		};
		7FCCE9481962533E00022F9E /* Supporting Files */ = {
			isa = PBXGroup;
			children = (
				7FCCE9491962533E00022F9E /* Info.plist */,
				7FCCE94A1962533E00022F9E /* main.m */,
			);
			name = "Supporting Files";
			sourceTree = "<group>";
		};
		7FCCE95E1962533E00022F9E /* MODropAlertDemoTests */ = {
			isa = PBXGroup;
			children = (
				7FCCE9611962533E00022F9E /* MODropAlertDemoTests.m */,
				7FCCE95F1962533E00022F9E /* Supporting Files */,
			);
			path = MODropAlertDemoTests;
			sourceTree = "<group>";
		};
		7FCCE95F1962533E00022F9E /* Supporting Files */ = {
			isa = PBXGroup;
			children = (
				7FCCE9601962533E00022F9E /* Info.plist */,
			);
			name = "Supporting Files";
			sourceTree = "<group>";
		};
/* End PBXGroup section */

/* Begin PBXNativeTarget section */
		7FCCE9441962533E00022F9E /* MODropAlertDemo */ = {
			isa = PBXNativeTarget;
			buildConfigurationList = 7FCCE9651962533E00022F9E /* Build configuration list for PBXNativeTarget "MODropAlertDemo" */;
			buildPhases = (
				7FCCE9411962533E00022F9E /* Sources */,
				7FCCE9421962533E00022F9E /* Frameworks */,
				7FCCE9431962533E00022F9E /* Resources */,
			);
			buildRules = (
			);
			dependencies = (
			);
			name = MODropAlertDemo;
			productName = MODropAlertDemo;
			productReference = 7FCCE9451962533E00022F9E /* MODropAlertDemo.app */;
			productType = "com.apple.product-type.application";
		};
		7FCCE95A1962533E00022F9E /* MODropAlertDemoTests */ = {
			isa = PBXNativeTarget;
			buildConfigurationList = 7FCCE9681962533E00022F9E /* Build configuration list for PBXNativeTarget "MODropAlertDemoTests" */;
			buildPhases = (
				7FCCE9571962533E00022F9E /* Sources */,
				7FCCE9581962533E00022F9E /* Frameworks */,
				7FCCE9591962533E00022F9E /* Resources */,
			);
			buildRules = (
			);
			dependencies = (
				7FCCE95D1962533E00022F9E /* PBXTargetDependency */,
			);
			name = MODropAlertDemoTests;
			productName = MODropAlertDemoTests;
			productReference = 7FCCE95B1962533E00022F9E /* MODropAlertDemoTests.xctest */;
			productType = "com.apple.product-type.bundle.unit-test";
		};
/* End PBXNativeTarget section */

/* Begin PBXProject section */
		7FCCE93D1962533E00022F9E /* Project object */ = {
			isa = PBXProject;
			attributes = {
				LastUpgradeCheck = 0600;
				ORGANIZATIONNAME = minsOne;
				TargetAttributes = {
					7FCCE9441962533E00022F9E = {
						CreatedOnToolsVersion = 6.0;
					};
					7FCCE95A1962533E00022F9E = {
						CreatedOnToolsVersion = 6.0;
						TestTargetID = 7FCCE9441962533E00022F9E;
					};
				};
			};
			buildConfigurationList = 7FCCE9401962533E00022F9E /* Build configuration list for PBXProject "MODropAlertDemo" */;
			compatibilityVersion = "Xcode 3.2";
			developmentRegion = English;
			hasScannedForEncodings = 0;
			knownRegions = (
				en,
				Base,
			);
			mainGroup = 7FCCE93C1962533E00022F9E;
			productRefGroup = 7FCCE9461962533E00022F9E /* Products */;
			projectDirPath = "";
			projectRoot = "";
			targets = (
				7FCCE9441962533E00022F9E /* MODropAlertDemo */,
				7FCCE95A1962533E00022F9E /* MODropAlertDemoTests */,
			);
		};
/* End PBXProject section */

/* Begin PBXResourcesBuildPhase section */
		7FCCE9431962533E00022F9E /* Resources */ = {
			isa = PBXResourcesBuildPhase;
			buildActionMask = 2147483647;
			files = (
				7FCCE9541962533E00022F9E /* Main.storyboard in Resources */,
				7F2316A61962DD280028898F /* Images.xcassets in Resources */,
			);
			runOnlyForDeploymentPostprocessing = 0;
		};
		7FCCE9591962533E00022F9E /* Resources */ = {
			isa = PBXResourcesBuildPhase;
			buildActionMask = 2147483647;
			files = (
			);
			runOnlyForDeploymentPostprocessing = 0;
		};
/* End PBXResourcesBuildPhase section */

/* Begin PBXSourcesBuildPhase section */
		7FCCE9411962533E00022F9E /* Sources */ = {
			isa = PBXSourcesBuildPhase;
			buildActionMask = 2147483647;
			files = (
				7F2316AC196535E20028898F /* MODropAlertView.m in Sources */,
				7F2316AD196535E20028898F /* UIImage+ImageEffects.m in Sources */,
				7FCCE9511962533E00022F9E /* ViewController.m in Sources */,
				7FCCE94E1962533E00022F9E /* AppDelegate.m in Sources */,
				7FCCE94B1962533E00022F9E /* main.m in Sources */,
			);
			runOnlyForDeploymentPostprocessing = 0;
		};
		7FCCE9571962533E00022F9E /* Sources */ = {
			isa = PBXSourcesBuildPhase;
			buildActionMask = 2147483647;
			files = (
				7FCCE9621962533E00022F9E /* MODropAlertDemoTests.m in Sources */,
			);
			runOnlyForDeploymentPostprocessing = 0;
		};
/* End PBXSourcesBuildPhase section */

/* Begin PBXTargetDependency section */
		7FCCE95D1962533E00022F9E /* PBXTargetDependency */ = {
			isa = PBXTargetDependency;
			target = 7FCCE9441962533E00022F9E /* MODropAlertDemo */;
			targetProxy = 7FCCE95C1962533E00022F9E /* PBXContainerItemProxy */;
		};
/* End PBXTargetDependency section */

/* Begin PBXVariantGroup section */
		7FCCE9521962533E00022F9E /* Main.storyboard */ = {
			isa = PBXVariantGroup;
			children = (
				7FCCE9531962533E00022F9E /* Base */,
			);
			name = Main.storyboard;
			sourceTree = "<group>";
		};
/* End PBXVariantGroup section */

/* Begin XCBuildConfiguration section */
		7FCCE9631962533E00022F9E /* Debug */ = {
			isa = XCBuildConfiguration;
			buildSettings = {
				ALWAYS_SEARCH_USER_PATHS = NO;
				CLANG_CXX_LANGUAGE_STANDARD = "gnu++0x";
				CLANG_CXX_LIBRARY = "libc++";
				CLANG_ENABLE_MODULES = YES;
				CLANG_ENABLE_OBJC_ARC = YES;
				CLANG_WARN_BOOL_CONVERSION = YES;
				CLANG_WARN_CONSTANT_CONVERSION = YES;
				CLANG_WARN_DIRECT_OBJC_ISA_USAGE = YES_ERROR;
				CLANG_WARN_EMPTY_BODY = YES;
				CLANG_WARN_ENUM_CONVERSION = YES;
				CLANG_WARN_INT_CONVERSION = YES;
				CLANG_WARN_OBJC_ROOT_CLASS = YES_ERROR;
				CLANG_WARN_UNREACHABLE_CODE = YES;
				CLANG_WARN__DUPLICATE_METHOD_MATCH = YES;
				"CODE_SIGN_IDENTITY[sdk=iphoneos*]" = "iPhone Developer";
				COPY_PHASE_STRIP = NO;
				ENABLE_STRICT_OBJC_MSGSEND = YES;
				GCC_C_LANGUAGE_STANDARD = gnu99;
				GCC_DYNAMIC_NO_PIC = NO;
				GCC_OPTIMIZATION_LEVEL = 0;
				GCC_PREPROCESSOR_DEFINITIONS = (
					"DEBUG=1",
					"$(inherited)",
				);
				GCC_SYMBOLS_PRIVATE_EXTERN = NO;
				GCC_WARN_64_TO_32_BIT_CONVERSION = YES;
				GCC_WARN_ABOUT_RETURN_TYPE = YES_ERROR;
				GCC_WARN_UNDECLARED_SELECTOR = YES;
				GCC_WARN_UNINITIALIZED_AUTOS = YES_AGGRESSIVE;
				GCC_WARN_UNUSED_FUNCTION = YES;
				GCC_WARN_UNUSED_VARIABLE = YES;
				IPHONEOS_DEPLOYMENT_TARGET = 8.0;
				METAL_ENABLE_DEBUG_INFO = YES;
				ONLY_ACTIVE_ARCH = YES;
				SDKROOT = iphoneos;
			};
			name = Debug;
		};
		7FCCE9641962533E00022F9E /* Release */ = {
			isa = XCBuildConfiguration;
			buildSettings = {
				ALWAYS_SEARCH_USER_PATHS = NO;
				CLANG_CXX_LANGUAGE_STANDARD = "gnu++0x";
				CLANG_CXX_LIBRARY = "libc++";
				CLANG_ENABLE_MODULES = YES;
				CLANG_ENABLE_OBJC_ARC = YES;
				CLANG_WARN_BOOL_CONVERSION = YES;
				CLANG_WARN_CONSTANT_CONVERSION = YES;
				CLANG_WARN_DIRECT_OBJC_ISA_USAGE = YES_ERROR;
				CLANG_WARN_EMPTY_BODY = YES;
				CLANG_WARN_ENUM_CONVERSION = YES;
				CLANG_WARN_INT_CONVERSION = YES;
				CLANG_WARN_OBJC_ROOT_CLASS = YES_ERROR;
				CLANG_WARN_UNREACHABLE_CODE = YES;
				CLANG_WARN__DUPLICATE_METHOD_MATCH = YES;
				"CODE_SIGN_IDENTITY[sdk=iphoneos*]" = "iPhone Developer";
				COPY_PHASE_STRIP = YES;
				ENABLE_NS_ASSERTIONS = NO;
				ENABLE_STRICT_OBJC_MSGSEND = YES;
				GCC_C_LANGUAGE_STANDARD = gnu99;
				GCC_WARN_64_TO_32_BIT_CONVERSION = YES;
				GCC_WARN_ABOUT_RETURN_TYPE = YES_ERROR;
				GCC_WARN_UNDECLARED_SELECTOR = YES;
				GCC_WARN_UNINITIALIZED_AUTOS = YES_AGGRESSIVE;
				GCC_WARN_UNUSED_FUNCTION = YES;
				GCC_WARN_UNUSED_VARIABLE = YES;
				IPHONEOS_DEPLOYMENT_TARGET = 8.0;
				METAL_ENABLE_DEBUG_INFO = NO;
				SDKROOT = iphoneos;
				VALIDATE_PRODUCT = YES;
			};
			name = Release;
		};
		7FCCE9661962533E00022F9E /* Debug */ = {
			isa = XCBuildConfiguration;
			buildSettings = {
				ASSETCATALOG_COMPILER_APPICON_NAME = AppIcon;
				ASSETCATALOG_COMPILER_LAUNCHIMAGE_NAME = LaunchImage;
				INFOPLIST_FILE = MODropAlertDemo/Info.plist;
				IPHONEOS_DEPLOYMENT_TARGET = 7.0;
				LD_RUNPATH_SEARCH_PATHS = "$(inherited) @executable_path/Frameworks";
				PRODUCT_NAME = "$(TARGET_NAME)";
			};
			name = Debug;
		};
		7FCCE9671962533E00022F9E /* Release */ = {
			isa = XCBuildConfiguration;
			buildSettings = {
				ASSETCATALOG_COMPILER_APPICON_NAME = AppIcon;
				ASSETCATALOG_COMPILER_LAUNCHIMAGE_NAME = LaunchImage;
				INFOPLIST_FILE = MODropAlertDemo/Info.plist;
				IPHONEOS_DEPLOYMENT_TARGET = 7.0;
				LD_RUNPATH_SEARCH_PATHS = "$(inherited) @executable_path/Frameworks";
				PRODUCT_NAME = "$(TARGET_NAME)";
			};
			name = Release;
		};
		7FCCE9691962533E00022F9E /* Debug */ = {
			isa = XCBuildConfiguration;
			buildSettings = {
				BUNDLE_LOADER = "$(BUILT_PRODUCTS_DIR)/MODropAlertDemo.app/MODropAlertDemo";
				FRAMEWORK_SEARCH_PATHS = (
					"$(SDKROOT)/Developer/Library/Frameworks",
					"$(inherited)",
				);
				GCC_PREPROCESSOR_DEFINITIONS = (
					"DEBUG=1",
					"$(inherited)",
				);
				INFOPLIST_FILE = MODropAlertDemoTests/Info.plist;
				IPHONEOS_DEPLOYMENT_TARGET = 7.1;
				LD_RUNPATH_SEARCH_PATHS = "$(inherited) @executable_path/Frameworks @loader_path/Frameworks";
				METAL_ENABLE_DEBUG_INFO = YES;
				PRODUCT_NAME = "$(TARGET_NAME)";
				TEST_HOST = "$(BUNDLE_LOADER)";
			};
			name = Debug;
		};
		7FCCE96A1962533E00022F9E /* Release */ = {
			isa = XCBuildConfiguration;
			buildSettings = {
				BUNDLE_LOADER = "$(BUILT_PRODUCTS_DIR)/MODropAlertDemo.app/MODropAlertDemo";
				FRAMEWORK_SEARCH_PATHS = (
					"$(SDKROOT)/Developer/Library/Frameworks",
					"$(inherited)",
				);
				INFOPLIST_FILE = MODropAlertDemoTests/Info.plist;
				IPHONEOS_DEPLOYMENT_TARGET = 7.1;
				LD_RUNPATH_SEARCH_PATHS = "$(inherited) @executable_path/Frameworks @loader_path/Frameworks";
				METAL_ENABLE_DEBUG_INFO = NO;
				PRODUCT_NAME = "$(TARGET_NAME)";
				TEST_HOST = "$(BUNDLE_LOADER)";
			};
			name = Release;
		};
/* End XCBuildConfiguration section */

/* Begin XCConfigurationList section */
		7FCCE9401962533E00022F9E /* Build configuration list for PBXProject "MODropAlertDemo" */ = {
			isa = XCConfigurationList;
			buildConfigurations = (
				7FCCE9631962533E00022F9E /* Debug */,
				7FCCE9641962533E00022F9E /* Release */,
			);
			defaultConfigurationIsVisible = 0;
			defaultConfigurationName = Release;
		};
		7FCCE9651962533E00022F9E /* Build configuration list for PBXNativeTarget "MODropAlertDemo" */ = {
			isa = XCConfigurationList;
			buildConfigurations = (
				7FCCE9661962533E00022F9E /* Debug */,
				7FCCE9671962533E00022F9E /* Release */,
			);
			defaultConfigurationIsVisible = 0;
			defaultConfigurationName = Release;
		};
		7FCCE9681962533E00022F9E /* Build configuration list for PBXNativeTarget "MODropAlertDemoTests" */ = {
			isa = XCConfigurationList;
			buildConfigurations = (
				7FCCE9691962533E00022F9E /* Debug */,
				7FCCE96A1962533E00022F9E /* Release */,
			);
			defaultConfigurationIsVisible = 0;
			defaultConfigurationName = Release;
		};
/* End XCConfigurationList section */
	};
	rootObject = 7FCCE93D1962533E00022F9E /* Project object */;
}
